# This file is autogenerated, do not edit; changes may be undone by the next 'dep ensure'.


[[projects]]
  branch = "master"
  name = "github.com/alecthomas/units"
  packages = ["."]
  revision = "2efee857e7cfd4f3d0138cc3cbb1b4966962b93a"

[[projects]]
  branch = "master"
  name = "github.com/google/shlex"
  packages = ["."]
  revision = "6f45313302b9c56850fc17f99e40caebce98c716"

[[projects]]
  name = "github.com/nicksnyder/go-i18n"
  packages = ["i18n","i18n/bundle","i18n/language","i18n/translation"]
  revision = "0dc1626d56435e9d605a29875701721c54bc9bbd"
  version = "v1.10.0"

[[projects]]
  name = "github.com/pelletier/go-toml"
  packages = ["."]
  revision = "acdc4509485b587f5e675510c4f2c63e90ff68a8"
  version = "v1.1.0"

[[projects]]
  name = "gopkg.in/alecthomas/gometalinter.v2"
  packages = ["."]
  revision = "88d47c66988c5a5cb3945925da47c883800a94df"
  version = "v2.0.3"

[[projects]]
  branch = "v3-unstable"
  name = "gopkg.in/alecthomas/kingpin.v3-unstable"
  packages = ["."]
  revision = "75c60582c55399763d53eeb59078d63d3616f58c"

[[projects]]
  branch = "v2"
  name = "gopkg.in/yaml.v2"
  packages = ["."]
  revision = "d670f9405373e636a5a2765eea47fac0c9bc91a4"

[solve-meta]
  analyzer-name = "dep"
  analyzer-version = 1
  inputs-digest = "d8c080de64eda989c9ebfd25699a1317877e81cdbd05bbddc87dfe1f52d4da34"
  solver-name = "gps-cdcl"
  solver-version = 1
